
Microsoft Visual Studio Solution File, Format Version 12.00
# Visual Studio Version 17
VisualStudioVersion = 17.0.31903.59
MinimumVisualStudioVersion = 10.0.40219.1
Project("{FAE04EC0-301F-11D3-BF4B-00C04F79EFBC}") = "MarketStat", "MarketStat\MarketStat.csproj", "{C2566FB0-5EA8-499F-8898-6DC719EF926F}"
EndProject
Project("{2150E333-8FDC-42A3-9474-1A3956D46DE8}") = "MarketStat.Common", "MarketStat.Common", "{000EF10E-BFA7-4A20-BDBE-07AEFBB2FEC7}"
EndProject
Project("{FAE04EC0-301F-11D3-BF4B-00C04F79EFBC}") = "MarketStat.Common.Core", "MarketStat.Common\MarketStat.Common.Core\MarketStat.Common.Core.csproj", "{7DFC317E-6CD1-4BA9-9AFA-27EA18D6FAFB}"
EndProject
Project("{2150E333-8FDC-42A3-9474-1A3956D46DE8}") = "MarketStat.Database", "MarketStat.Database", "{75FD3B3F-F7B0-4555-B189-30AE64042622}"
EndProject
Project("{FAE04EC0-301F-11D3-BF4B-00C04F79EFBC}") = "MarketStat.Database.Core", "MarketStat.Database\MarketStat.Database.Core\MarketStat.Database.Core.csproj", "{E996891D-A515-4872-8F49-78E07B54E8DC}"
EndProject
Project("{FAE04EC0-301F-11D3-BF4B-00C04F79EFBC}") = "MarketStat.Database.Repositories", "MarketStat.Database\MarketStat.Database.Repositories\MarketStat.Database.Repositories.csproj", "{8F323089-436B-4B5E-840E-1CF4CC36D494}"
EndProject
Project("{2150E333-8FDC-42A3-9474-1A3956D46DE8}") = "MarketStat.Services", "MarketStat.Services", "{F41D1465-FB87-4FAF-B66D-EE51BFDBDB7D}"
EndProject
Project("{2150E333-8FDC-42A3-9474-1A3956D46DE8}") = "MarketStat.Services.Dimensions", "MarketStat.Services.Dimensions", "{68ED94C7-8F02-4839-A900-4E3C5BE0924F}"
EndProject
Project("{FAE04EC0-301F-11D3-BF4B-00C04F79EFBC}") = "MarketStat.Services.Dimensions.DimEmployerService", "MarketStat.Services\MarketStat.Services.Dimensions\MarketStat.Services.Dimensions.DimEmployerService\MarketStat.Services.Dimensions.DimEmployerService.csproj", "{AAAA5DCC-9BB2-44EA-8567-7DE35E68E383}"
EndProject
Project("{2150E333-8FDC-42A3-9474-1A3956D46DE8}") = "MarketStat.Services.Facts", "MarketStat.Services.Facts", "{D3295C91-7D18-4D12-B459-8BFC142D670E}"
EndProject
Project("{FAE04EC0-301F-11D3-BF4B-00C04F79EFBC}") = "MarketStat.Services.Facts.FactSalaryService", "MarketStat.Services\MarketStat.Services.Facts\MarketStat.Services.Facts.FactSalaryService\MarketStat.Services.Facts.FactSalaryService.csproj", "{0928D441-477A-4D74-852D-6092A92AE372}"
EndProject
Project("{FAE04EC0-301F-11D3-BF4B-00C04F79EFBC}") = "MarketStat.Common.Dto", "MarketStat.Common\MarketStat.Common.Dto\MarketStat.Common.Dto.csproj", "{6F76C035-0675-4228-BA9F-6BAE57B6736A}"
EndProject
Project("{FAE04EC0-301F-11D3-BF4B-00C04F79EFBC}") = "MarketStat.Database.Context", "MarketStat.Database\MarketStat.Database.Context\MarketStat.Database.Context.csproj", "{EA2098BD-86F4-4823-8367-C43CAF909301}"
EndProject
Project("{FAE04EC0-301F-11D3-BF4B-00C04F79EFBC}") = "MarketStat.Database.Models", "MarketStat.Database\MarketStat.Database.Models\MarketStat.Database.Models.csproj", "{6F8B0796-289E-4AF3-B233-BFCCE1821A1B}"
EndProject
Project("{FAE04EC0-301F-11D3-BF4B-00C04F79EFBC}") = "MarketStat.Common.Converter", "MarketStat.Common\MarketStat.Common.Converter\MarketStat.Common.Converter.csproj", "{5A23D7FA-7EEE-4F27-9AC0-708C748D29A9}"
EndProject
Project("{FAE04EC0-301F-11D3-BF4B-00C04F79EFBC}") = "MarketStat.Services.Dimensions.DimIndustryFieldService", "MarketStat.Services\MarketStat.Services.Dimensions\MarketStat.Services.Dimensions.DimIndustryFieldService\MarketStat.Services.Dimensions.DimIndustryFieldService.csproj", "{CEB1B8D0-E96B-49E0-BE49-45F94DACCA15}"
EndProject
Project("{FAE04EC0-301F-11D3-BF4B-00C04F79EFBC}") = "MarketStat.Services.Dimensions.DimDateService", "MarketStat.Services\MarketStat.Services.Dimensions\MarketStat.Services.Dimensions.DimDateService\MarketStat.Services.Dimensions.DimDateService.csproj", "{32AD36C2-BE80-4DF4-A500-1864D2D7731D}"
EndProject
Project("{FAE04EC0-301F-11D3-BF4B-00C04F79EFBC}") = "MarketStat.Services.Dimensions.DimEducationService", "MarketStat.Services\MarketStat.Services.Dimensions\MarketStat.Services.Dimensions.DimEducationService\MarketStat.Services.Dimensions.DimEducationService.csproj", "{4BED8A39-E2E3-4545-B546-5BD0F9DA6AEF}"
EndProject
Project("{FAE04EC0-301F-11D3-BF4B-00C04F79EFBC}") = "MarketStat.Services.Dimensions.DimEmployeeService", "MarketStat.Services\MarketStat.Services.Dimensions\MarketStat.Services.Dimensions.DimEmployeeService\MarketStat.Services.Dimensions.DimEmployeeService.csproj", "{39004999-B9D7-4657-8064-D05C5B7B6048}"
EndProject
Project("{FAE04EC0-301F-11D3-BF4B-00C04F79EFBC}") = "MarketStat.Common.Exceptions", "MarketStat.Common\MarketStat.Common.Exceptions\MarketStat.Common.Exceptions.csproj", "{168C73E2-8E33-41B0-B9DD-CEF6A41CBED9}"
EndProject
Project("{FAE04EC0-301F-11D3-BF4B-00C04F79EFBC}") = "MarketStat.Common.Enums", "MarketStat.Common\MarketStat.Common.Enums\MarketStat.Common.Enums.csproj", "{6B360517-1C0D-4FF3-A17A-71CE3A088E57}"
EndProject
Project("{2150E333-8FDC-42A3-9474-1A3956D46DE8}") = "MarketStat.Services.Auth", "MarketStat.Services.Auth", "{FFF03295-B10D-4A21-B566-BF5A18CA96B7}"
EndProject
Project("{FAE04EC0-301F-11D3-BF4B-00C04F79EFBC}") = "MarketStat.Services.Auth.AuthService", "MarketStat.Services\MarketStat.Services.Auth\MarketStat.Services.Auth.AuthService\MarketStat.Services.Auth.AuthService.csproj", "{825DECCE-B72F-4D39-8BA0-653D939FDD28}"
EndProject
Project("{2150E333-8FDC-42A3-9474-1A3956D46DE8}") = "MarketStat.Services.Account", "MarketStat.Services.Account", "{67A381EA-5945-4AF0-BDF1-9416C19EF7F8}"
EndProject
Project("{FAE04EC0-301F-11D3-BF4B-00C04F79EFBC}") = "MarketStat.Services.Account.BenchmarkHistoryService", "MarketStat.Services\MarketStat.Services.Account\MarketStat.Services.Account.BenchmarkHistoryService\MarketStat.Services.Account.BenchmarkHistoryService.csproj", "{D36DCC70-C5E4-4816-941A-1C49F5C108AD}"
EndProject
Project("{FAE04EC0-301F-11D3-BF4B-00C04F79EFBC}") = "MarketStat.Services.Dimensions.DimLocationService", "MarketStat.Services\MarketStat.Services.Dimensions\MarketStat.Services.Dimensions.DimLocationService\MarketStat.Services.Dimensions.DimLocationService.csproj", "{602A7EE7-EE02-4F52-B4C3-BB63F64C617C}"
EndProject
Project("{FAE04EC0-301F-11D3-BF4B-00C04F79EFBC}") = "MarketStat.Services.Dimensions.DimJobService", "MarketStat.Services\MarketStat.Services.Dimensions\MarketStat.Services.Dimensions.DimJobService\MarketStat.Services.Dimensions.DimJobService.csproj", "{E2ECAA91-E725-45EC-A7B5-B0028A8D7658}"
EndProject
Project("{2150E333-8FDC-42A3-9474-1A3956D46DE8}") = "MarketStat.Tests", "MarketStat.Tests", "{1BE56C02-F41F-4A22-A51D-7FD1DAA84EE9}"
EndProject
Project("{FAE04EC0-301F-11D3-BF4B-00C04F79EFBC}") = "MarketStat.Services.Tests", "MarketStat.Tests\MarketStat.Services.Tests\MarketStat.Services.Tests.csproj", "{1E3DADE6-B938-4E35-9E94-58EC04F9A7BE}"
EndProject
Project("{FAE04EC0-301F-11D3-BF4B-00C04F79EFBC}") = "MarketStat.Repository.Tests", "MarketStat.Tests\MarketStat.Repository.Tests\MarketStat.Repository.Tests.csproj", "{71DFBB3B-9F77-465E-9911-8A223DE47D6D}"
EndProject
Global
	GlobalSection(SolutionConfigurationPlatforms) = preSolution
		Debug|Any CPU = Debug|Any CPU
		Release|Any CPU = Release|Any CPU
	EndGlobalSection
	GlobalSection(SolutionProperties) = preSolution
		HideSolutionNode = FALSE
	EndGlobalSection
	GlobalSection(ProjectConfigurationPlatforms) = postSolution
		{C2566FB0-5EA8-499F-8898-6DC719EF926F}.Debug|Any CPU.ActiveCfg = Debug|Any CPU
		{C2566FB0-5EA8-499F-8898-6DC719EF926F}.Debug|Any CPU.Build.0 = Debug|Any CPU
		{C2566FB0-5EA8-499F-8898-6DC719EF926F}.Release|Any CPU.ActiveCfg = Release|Any CPU
		{C2566FB0-5EA8-499F-8898-6DC719EF926F}.Release|Any CPU.Build.0 = Release|Any CPU
		{7DFC317E-6CD1-4BA9-9AFA-27EA18D6FAFB}.Debug|Any CPU.ActiveCfg = Debug|Any CPU
		{7DFC317E-6CD1-4BA9-9AFA-27EA18D6FAFB}.Debug|Any CPU.Build.0 = Debug|Any CPU
		{7DFC317E-6CD1-4BA9-9AFA-27EA18D6FAFB}.Release|Any CPU.ActiveCfg = Release|Any CPU
		{7DFC317E-6CD1-4BA9-9AFA-27EA18D6FAFB}.Release|Any CPU.Build.0 = Release|Any CPU
		{E996891D-A515-4872-8F49-78E07B54E8DC}.Debug|Any CPU.ActiveCfg = Debug|Any CPU
		{E996891D-A515-4872-8F49-78E07B54E8DC}.Debug|Any CPU.Build.0 = Debug|Any CPU
		{E996891D-A515-4872-8F49-78E07B54E8DC}.Release|Any CPU.ActiveCfg = Release|Any CPU
		{E996891D-A515-4872-8F49-78E07B54E8DC}.Release|Any CPU.Build.0 = Release|Any CPU
		{8F323089-436B-4B5E-840E-1CF4CC36D494}.Debug|Any CPU.ActiveCfg = Debug|Any CPU
		{8F323089-436B-4B5E-840E-1CF4CC36D494}.Debug|Any CPU.Build.0 = Debug|Any CPU
		{8F323089-436B-4B5E-840E-1CF4CC36D494}.Release|Any CPU.ActiveCfg = Release|Any CPU
		{8F323089-436B-4B5E-840E-1CF4CC36D494}.Release|Any CPU.Build.0 = Release|Any CPU
		{AAAA5DCC-9BB2-44EA-8567-7DE35E68E383}.Debug|Any CPU.ActiveCfg = Debug|Any CPU
		{AAAA5DCC-9BB2-44EA-8567-7DE35E68E383}.Debug|Any CPU.Build.0 = Debug|Any CPU
		{AAAA5DCC-9BB2-44EA-8567-7DE35E68E383}.Release|Any CPU.ActiveCfg = Release|Any CPU
		{AAAA5DCC-9BB2-44EA-8567-7DE35E68E383}.Release|Any CPU.Build.0 = Release|Any CPU
		{0928D441-477A-4D74-852D-6092A92AE372}.Debug|Any CPU.ActiveCfg = Debug|Any CPU
		{0928D441-477A-4D74-852D-6092A92AE372}.Debug|Any CPU.Build.0 = Debug|Any CPU
		{0928D441-477A-4D74-852D-6092A92AE372}.Release|Any CPU.ActiveCfg = Release|Any CPU
		{0928D441-477A-4D74-852D-6092A92AE372}.Release|Any CPU.Build.0 = Release|Any CPU
		{6F76C035-0675-4228-BA9F-6BAE57B6736A}.Debug|Any CPU.ActiveCfg = Debug|Any CPU
		{6F76C035-0675-4228-BA9F-6BAE57B6736A}.Debug|Any CPU.Build.0 = Debug|Any CPU
		{6F76C035-0675-4228-BA9F-6BAE57B6736A}.Release|Any CPU.ActiveCfg = Release|Any CPU
		{6F76C035-0675-4228-BA9F-6BAE57B6736A}.Release|Any CPU.Build.0 = Release|Any CPU
		{EA2098BD-86F4-4823-8367-C43CAF909301}.Debug|Any CPU.ActiveCfg = Debug|Any CPU
		{EA2098BD-86F4-4823-8367-C43CAF909301}.Debug|Any CPU.Build.0 = Debug|Any CPU
		{EA2098BD-86F4-4823-8367-C43CAF909301}.Release|Any CPU.ActiveCfg = Release|Any CPU
		{EA2098BD-86F4-4823-8367-C43CAF909301}.Release|Any CPU.Build.0 = Release|Any CPU
		{6F8B0796-289E-4AF3-B233-BFCCE1821A1B}.Debug|Any CPU.ActiveCfg = Debug|Any CPU
		{6F8B0796-289E-4AF3-B233-BFCCE1821A1B}.Debug|Any CPU.Build.0 = Debug|Any CPU
		{6F8B0796-289E-4AF3-B233-BFCCE1821A1B}.Release|Any CPU.ActiveCfg = Release|Any CPU
		{6F8B0796-289E-4AF3-B233-BFCCE1821A1B}.Release|Any CPU.Build.0 = Release|Any CPU
		{5A23D7FA-7EEE-4F27-9AC0-708C748D29A9}.Debug|Any CPU.ActiveCfg = Debug|Any CPU
		{5A23D7FA-7EEE-4F27-9AC0-708C748D29A9}.Debug|Any CPU.Build.0 = Debug|Any CPU
		{5A23D7FA-7EEE-4F27-9AC0-708C748D29A9}.Release|Any CPU.ActiveCfg = Release|Any CPU
		{5A23D7FA-7EEE-4F27-9AC0-708C748D29A9}.Release|Any CPU.Build.0 = Release|Any CPU
		{CEB1B8D0-E96B-49E0-BE49-45F94DACCA15}.Debug|Any CPU.ActiveCfg = Debug|Any CPU
		{CEB1B8D0-E96B-49E0-BE49-45F94DACCA15}.Debug|Any CPU.Build.0 = Debug|Any CPU
		{CEB1B8D0-E96B-49E0-BE49-45F94DACCA15}.Release|Any CPU.ActiveCfg = Release|Any CPU
		{CEB1B8D0-E96B-49E0-BE49-45F94DACCA15}.Release|Any CPU.Build.0 = Release|Any CPU
		{32AD36C2-BE80-4DF4-A500-1864D2D7731D}.Debug|Any CPU.ActiveCfg = Debug|Any CPU
		{32AD36C2-BE80-4DF4-A500-1864D2D7731D}.Debug|Any CPU.Build.0 = Debug|Any CPU
		{32AD36C2-BE80-4DF4-A500-1864D2D7731D}.Release|Any CPU.ActiveCfg = Release|Any CPU
		{32AD36C2-BE80-4DF4-A500-1864D2D7731D}.Release|Any CPU.Build.0 = Release|Any CPU
		{4BED8A39-E2E3-4545-B546-5BD0F9DA6AEF}.Debug|Any CPU.ActiveCfg = Debug|Any CPU
		{4BED8A39-E2E3-4545-B546-5BD0F9DA6AEF}.Debug|Any CPU.Build.0 = Debug|Any CPU
		{4BED8A39-E2E3-4545-B546-5BD0F9DA6AEF}.Release|Any CPU.ActiveCfg = Release|Any CPU
		{4BED8A39-E2E3-4545-B546-5BD0F9DA6AEF}.Release|Any CPU.Build.0 = Release|Any CPU
		{39004999-B9D7-4657-8064-D05C5B7B6048}.Debug|Any CPU.ActiveCfg = Debug|Any CPU
		{39004999-B9D7-4657-8064-D05C5B7B6048}.Debug|Any CPU.Build.0 = Debug|Any CPU
		{39004999-B9D7-4657-8064-D05C5B7B6048}.Release|Any CPU.ActiveCfg = Release|Any CPU
		{39004999-B9D7-4657-8064-D05C5B7B6048}.Release|Any CPU.Build.0 = Release|Any CPU
		{168C73E2-8E33-41B0-B9DD-CEF6A41CBED9}.Debug|Any CPU.ActiveCfg = Debug|Any CPU
		{168C73E2-8E33-41B0-B9DD-CEF6A41CBED9}.Debug|Any CPU.Build.0 = Debug|Any CPU
		{168C73E2-8E33-41B0-B9DD-CEF6A41CBED9}.Release|Any CPU.ActiveCfg = Release|Any CPU
		{168C73E2-8E33-41B0-B9DD-CEF6A41CBED9}.Release|Any CPU.Build.0 = Release|Any CPU
		{6B360517-1C0D-4FF3-A17A-71CE3A088E57}.Debug|Any CPU.ActiveCfg = Debug|Any CPU
		{6B360517-1C0D-4FF3-A17A-71CE3A088E57}.Debug|Any CPU.Build.0 = Debug|Any CPU
		{6B360517-1C0D-4FF3-A17A-71CE3A088E57}.Release|Any CPU.ActiveCfg = Release|Any CPU
		{6B360517-1C0D-4FF3-A17A-71CE3A088E57}.Release|Any CPU.Build.0 = Release|Any CPU
		{825DECCE-B72F-4D39-8BA0-653D939FDD28}.Debug|Any CPU.ActiveCfg = Debug|Any CPU
		{825DECCE-B72F-4D39-8BA0-653D939FDD28}.Debug|Any CPU.Build.0 = Debug|Any CPU
		{825DECCE-B72F-4D39-8BA0-653D939FDD28}.Release|Any CPU.ActiveCfg = Release|Any CPU
		{825DECCE-B72F-4D39-8BA0-653D939FDD28}.Release|Any CPU.Build.0 = Release|Any CPU
		{D36DCC70-C5E4-4816-941A-1C49F5C108AD}.Debug|Any CPU.ActiveCfg = Debug|Any CPU
		{D36DCC70-C5E4-4816-941A-1C49F5C108AD}.Debug|Any CPU.Build.0 = Debug|Any CPU
		{D36DCC70-C5E4-4816-941A-1C49F5C108AD}.Release|Any CPU.ActiveCfg = Release|Any CPU
		{D36DCC70-C5E4-4816-941A-1C49F5C108AD}.Release|Any CPU.Build.0 = Release|Any CPU
		{602A7EE7-EE02-4F52-B4C3-BB63F64C617C}.Debug|Any CPU.ActiveCfg = Debug|Any CPU
		{602A7EE7-EE02-4F52-B4C3-BB63F64C617C}.Debug|Any CPU.Build.0 = Debug|Any CPU
		{602A7EE7-EE02-4F52-B4C3-BB63F64C617C}.Release|Any CPU.ActiveCfg = Release|Any CPU
		{602A7EE7-EE02-4F52-B4C3-BB63F64C617C}.Release|Any CPU.Build.0 = Release|Any CPU
		{E2ECAA91-E725-45EC-A7B5-B0028A8D7658}.Debug|Any CPU.ActiveCfg = Debug|Any CPU
		{E2ECAA91-E725-45EC-A7B5-B0028A8D7658}.Debug|Any CPU.Build.0 = Debug|Any CPU
		{E2ECAA91-E725-45EC-A7B5-B0028A8D7658}.Release|Any CPU.ActiveCfg = Release|Any CPU
		{E2ECAA91-E725-45EC-A7B5-B0028A8D7658}.Release|Any CPU.Build.0 = Release|Any CPU
		{1E3DADE6-B938-4E35-9E94-58EC04F9A7BE}.Debug|Any CPU.ActiveCfg = Debug|Any CPU
		{1E3DADE6-B938-4E35-9E94-58EC04F9A7BE}.Debug|Any CPU.Build.0 = Debug|Any CPU
		{1E3DADE6-B938-4E35-9E94-58EC04F9A7BE}.Release|Any CPU.ActiveCfg = Release|Any CPU
		{1E3DADE6-B938-4E35-9E94-58EC04F9A7BE}.Release|Any CPU.Build.0 = Release|Any CPU
		{71DFBB3B-9F77-465E-9911-8A223DE47D6D}.Debug|Any CPU.ActiveCfg = Debug|Any CPU
		{71DFBB3B-9F77-465E-9911-8A223DE47D6D}.Debug|Any CPU.Build.0 = Debug|Any CPU
		{71DFBB3B-9F77-465E-9911-8A223DE47D6D}.Release|Any CPU.ActiveCfg = Release|Any CPU
		{71DFBB3B-9F77-465E-9911-8A223DE47D6D}.Release|Any CPU.Build.0 = Release|Any CPU
	EndGlobalSection
	GlobalSection(NestedProjects) = preSolution
		{7DFC317E-6CD1-4BA9-9AFA-27EA18D6FAFB} = {000EF10E-BFA7-4A20-BDBE-07AEFBB2FEC7}
		{E996891D-A515-4872-8F49-78E07B54E8DC} = {75FD3B3F-F7B0-4555-B189-30AE64042622}
		{8F323089-436B-4B5E-840E-1CF4CC36D494} = {75FD3B3F-F7B0-4555-B189-30AE64042622}
		{68ED94C7-8F02-4839-A900-4E3C5BE0924F} = {F41D1465-FB87-4FAF-B66D-EE51BFDBDB7D}
		{AAAA5DCC-9BB2-44EA-8567-7DE35E68E383} = {68ED94C7-8F02-4839-A900-4E3C5BE0924F}
		{D3295C91-7D18-4D12-B459-8BFC142D670E} = {F41D1465-FB87-4FAF-B66D-EE51BFDBDB7D}
		{0928D441-477A-4D74-852D-6092A92AE372} = {D3295C91-7D18-4D12-B459-8BFC142D670E}
		{6F76C035-0675-4228-BA9F-6BAE57B6736A} = {000EF10E-BFA7-4A20-BDBE-07AEFBB2FEC7}
		{EA2098BD-86F4-4823-8367-C43CAF909301} = {75FD3B3F-F7B0-4555-B189-30AE64042622}
		{6F8B0796-289E-4AF3-B233-BFCCE1821A1B} = {75FD3B3F-F7B0-4555-B189-30AE64042622}
		{5A23D7FA-7EEE-4F27-9AC0-708C748D29A9} = {000EF10E-BFA7-4A20-BDBE-07AEFBB2FEC7}
		{CEB1B8D0-E96B-49E0-BE49-45F94DACCA15} = {68ED94C7-8F02-4839-A900-4E3C5BE0924F}
		{32AD36C2-BE80-4DF4-A500-1864D2D7731D} = {68ED94C7-8F02-4839-A900-4E3C5BE0924F}
		{4BED8A39-E2E3-4545-B546-5BD0F9DA6AEF} = {68ED94C7-8F02-4839-A900-4E3C5BE0924F}
		{39004999-B9D7-4657-8064-D05C5B7B6048} = {68ED94C7-8F02-4839-A900-4E3C5BE0924F}
		{168C73E2-8E33-41B0-B9DD-CEF6A41CBED9} = {000EF10E-BFA7-4A20-BDBE-07AEFBB2FEC7}
		{6B360517-1C0D-4FF3-A17A-71CE3A088E57} = {000EF10E-BFA7-4A20-BDBE-07AEFBB2FEC7}
		{FFF03295-B10D-4A21-B566-BF5A18CA96B7} = {F41D1465-FB87-4FAF-B66D-EE51BFDBDB7D}
		{825DECCE-B72F-4D39-8BA0-653D939FDD28} = {FFF03295-B10D-4A21-B566-BF5A18CA96B7}
		{67A381EA-5945-4AF0-BDF1-9416C19EF7F8} = {F41D1465-FB87-4FAF-B66D-EE51BFDBDB7D}
		{D36DCC70-C5E4-4816-941A-1C49F5C108AD} = {67A381EA-5945-4AF0-BDF1-9416C19EF7F8}
		{602A7EE7-EE02-4F52-B4C3-BB63F64C617C} = {68ED94C7-8F02-4839-A900-4E3C5BE0924F}
		{E2ECAA91-E725-45EC-A7B5-B0028A8D7658} = {68ED94C7-8F02-4839-A900-4E3C5BE0924F}
		{1E3DADE6-B938-4E35-9E94-58EC04F9A7BE} = {1BE56C02-F41F-4A22-A51D-7FD1DAA84EE9}
		{71DFBB3B-9F77-465E-9911-8A223DE47D6D} = {1BE56C02-F41F-4A22-A51D-7FD1DAA84EE9}
	EndGlobalSection
EndGlobal
